
Microsoft Visual Studio Solution File, Format Version 12.00
# Visual Studio 2012
Project("{FAE04EC0-301F-11D3-BF4B-00C04F79EFBC}") = "examples", "examples.csproj", "{D3076FC2-81F1-4B90-8283-64FC2CB0CB8B}"
EndProject
Global
	GlobalSection(SolutionConfigurationPlatforms) = preSolution
		Debug|Any CPU = Debug|Any CPU
		Release|Any CPU = Release|Any CPU
	EndGlobalSection
	GlobalSection(ProjectConfigurationPlatforms) = postSolution
		{D3076FC2-81F1-4B90-8283-64FC2CB0CB8B}.Debug|Any CPU.ActiveCfg = Debug|Any CPU
		{D3076FC2-81F1-4B90-8283-64FC2CB0CB8B}.Debug|Any CPU.Build.0 = Debug|Any CPU
		{D3076FC2-81F1-4B90-8283-64FC2CB0CB8B}.Release|Any CPU.ActiveCfg = Release|Any CPU
		{D3076FC2-81F1-4B90-8283-64FC2CB0CB8B}.Release|Any CPU.Build.0 = Release|Any CPU
	EndGlobalSection
	GlobalSection(SolutionProperties) = preSolution
		HideSolutionNode = FALSE
	EndGlobalSection
EndGlobal
