
Microsoft Visual Studio Solution File, Format Version 12.00
# Visual Studio 2012
Project("{888888A0-9F3D-457C-B088-3A5042F75D52}") = "mm", "mm.pyproj", "{6734E60E-ABD8-4B85-8F88-0E61674523F6}"
EndProject
Project("{888888A0-9F3D-457C-B088-3A5042F75D52}") = "basic_python_demos", "examples\basic_python_demos.pyproj", "{99A0B5D3-7B15-4AFF-AAD4-10E9B0C719A2}"
EndProject
Global
	GlobalSection(SolutionConfigurationPlatforms) = preSolution
		Debug|Any CPU = Debug|Any CPU
		Release|Any CPU = Release|Any CPU
	EndGlobalSection
	GlobalSection(ProjectConfigurationPlatforms) = postSolution
		{6734E60E-ABD8-4B85-8F88-0E61674523F6}.Debug|Any CPU.ActiveCfg = Debug|Any CPU
		{6734E60E-ABD8-4B85-8F88-0E61674523F6}.Release|Any CPU.ActiveCfg = Release|Any CPU
		{99A0B5D3-7B15-4AFF-AAD4-10E9B0C719A2}.Debug|Any CPU.ActiveCfg = Debug|Any CPU
		{99A0B5D3-7B15-4AFF-AAD4-10E9B0C719A2}.Release|Any CPU.ActiveCfg = Release|Any CPU
	EndGlobalSection
	GlobalSection(SolutionProperties) = preSolution
		HideSolutionNode = FALSE
	EndGlobalSection
EndGlobal
