
Microsoft Visual Studio Solution File, Format Version 12.00
# Visual Studio 2012
Project("{8BC9CEB8-8B4A-11D0-8D11-00A0C91BC942}") = "PackedMeshDemo", "PackedMeshDemo.vcxproj", "{D74B8B12-3535-4233-A0A0-D6C838C03478}"
EndProject
Global
	GlobalSection(SolutionConfigurationPlatforms) = preSolution
		Debug|Win32 = Debug|Win32
		Release|Win32 = Release|Win32
	EndGlobalSection
	GlobalSection(ProjectConfigurationPlatforms) = postSolution
		{D74B8B12-3535-4233-A0A0-D6C838C03478}.Debug|Win32.ActiveCfg = Debug|Win32
		{D74B8B12-3535-4233-A0A0-D6C838C03478}.Debug|Win32.Build.0 = Debug|Win32
		{D74B8B12-3535-4233-A0A0-D6C838C03478}.Release|Win32.ActiveCfg = Release|Win32
		{D74B8B12-3535-4233-A0A0-D6C838C03478}.Release|Win32.Build.0 = Release|Win32
	EndGlobalSection
	GlobalSection(SolutionProperties) = preSolution
		HideSolutionNode = FALSE
	EndGlobalSection
EndGlobal
